
Microsoft Visual Studio Solution File, Format Version 12.00
# Visual Studio Version 17
VisualStudioVersion = 17.4.33213.308
MinimumVisualStudioVersion = 10.0.40219.1
Project("{FAE04EC0-301F-11D3-BF4B-00C04F79EFBC}") = "PR1Wpf", "WpfAppПр1\PR1Wpf.csproj", "{53BF6B6C-1726-4ABC-9132-0969C82236D5}"
EndProject
Global
	GlobalSection(SolutionConfigurationPlatforms) = preSolution
		Debug|Any CPU = Debug|Any CPU
		Release|Any CPU = Release|Any CPU
	EndGlobalSection
	GlobalSection(ProjectConfigurationPlatforms) = postSolution
		{53BF6B6C-1726-4ABC-9132-0969C82236D5}.Debug|Any CPU.ActiveCfg = Debug|Any CPU
		{53BF6B6C-1726-4ABC-9132-0969C82236D5}.Debug|Any CPU.Build.0 = Debug|Any CPU
		{53BF6B6C-1726-4ABC-9132-0969C82236D5}.Release|Any CPU.ActiveCfg = Release|Any CPU
		{53BF6B6C-1726-4ABC-9132-0969C82236D5}.Release|Any CPU.Build.0 = Release|Any CPU
	EndGlobalSection
	GlobalSection(SolutionProperties) = preSolution
		HideSolutionNode = FALSE
	EndGlobalSection
	GlobalSection(ExtensibilityGlobals) = postSolution
		SolutionGuid = {158B97A7-734E-4BA3-948F-A90A4DB8905E}
	EndGlobalSection
EndGlobal
